
Microsoft Visual Studio Solution File, Format Version 12.00
# Visual Studio Version 16
VisualStudioVersion = 16.0.30011.22
MinimumVisualStudioVersion = 10.0.40219.1
Project("{FAE04EC0-301F-11D3-BF4B-00C04F79EFBC}") = "Raiding", "Raiding\Raiding.csproj", "{74094E2C-23D2-4D44-920C-48F5A54DBAB8}"
EndProject
Project("{FAE04EC0-301F-11D3-BF4B-00C04F79EFBC}") = "WildFarm", "WildFarm\WildFarm.csproj", "{DA4945FA-4B48-4E10-AD3E-D7FF4527CCC1}"
EndProject
Global
	GlobalSection(SolutionConfigurationPlatforms) = preSolution
		Debug|Any CPU = Debug|Any CPU
		Release|Any CPU = Release|Any CPU
	EndGlobalSection
	GlobalSection(ProjectConfigurationPlatforms) = postSolution
		{74094E2C-23D2-4D44-920C-48F5A54DBAB8}.Debug|Any CPU.ActiveCfg = Debug|Any CPU
		{74094E2C-23D2-4D44-920C-48F5A54DBAB8}.Debug|Any CPU.Build.0 = Debug|Any CPU
		{74094E2C-23D2-4D44-920C-48F5A54DBAB8}.Release|Any CPU.ActiveCfg = Release|Any CPU
		{74094E2C-23D2-4D44-920C-48F5A54DBAB8}.Release|Any CPU.Build.0 = Release|Any CPU
		{DA4945FA-4B48-4E10-AD3E-D7FF4527CCC1}.Debug|Any CPU.ActiveCfg = Debug|Any CPU
		{DA4945FA-4B48-4E10-AD3E-D7FF4527CCC1}.Debug|Any CPU.Build.0 = Debug|Any CPU
		{DA4945FA-4B48-4E10-AD3E-D7FF4527CCC1}.Release|Any CPU.ActiveCfg = Release|Any CPU
		{DA4945FA-4B48-4E10-AD3E-D7FF4527CCC1}.Release|Any CPU.Build.0 = Release|Any CPU
	EndGlobalSection
	GlobalSection(SolutionProperties) = preSolution
		HideSolutionNode = FALSE
	EndGlobalSection
	GlobalSection(ExtensibilityGlobals) = postSolution
		SolutionGuid = {035A0CB9-7258-4977-AE90-82B62CAC936A}
	EndGlobalSection
EndGlobal
