
Microsoft Visual Studio Solution File, Format Version 12.00
# Visual Studio Version 16
VisualStudioVersion = 16.0.30011.22
MinimumVisualStudioVersion = 10.0.40219.1
Project("{FAE04EC0-301F-11D3-BF4B-00C04F79EFBC}") = "Unique Usernames", "Unique Usernames\Unique Usernames.csproj", "{E2CAC710-AF4A-471C-B119-D62B68F563E6}"
EndProject
Project("{FAE04EC0-301F-11D3-BF4B-00C04F79EFBC}") = "Sets of Elements", "Sets of Elements\Sets of Elements.csproj", "{C9E8A513-52B1-49EF-B6AC-1E2E61BB46C0}"
EndProject
Project("{FAE04EC0-301F-11D3-BF4B-00C04F79EFBC}") = "Periodic Table", "Periodic Table\Periodic Table.csproj", "{E9F2D396-F96B-4A7D-9632-BF84839BB5D7}"
EndProject
Project("{FAE04EC0-301F-11D3-BF4B-00C04F79EFBC}") = "Even times", "Even times\Even times.csproj", "{7D7A9562-CAFB-4124-A632-DAC37D904D77}"
EndProject
Project("{FAE04EC0-301F-11D3-BF4B-00C04F79EFBC}") = "Count Symbols", "Count Symbols\Count Symbols.csproj", "{F9A93E42-7C63-4011-A5AA-BFB7E82D3FAE}"
EndProject
Project("{FAE04EC0-301F-11D3-BF4B-00C04F79EFBC}") = "Wardrobe", "Wardrobe\Wardrobe.csproj", "{950A67F4-3A75-4E6C-9B43-81E163834E64}"
EndProject
Global
	GlobalSection(SolutionConfigurationPlatforms) = preSolution
		Debug|Any CPU = Debug|Any CPU
		Release|Any CPU = Release|Any CPU
	EndGlobalSection
	GlobalSection(ProjectConfigurationPlatforms) = postSolution
		{E2CAC710-AF4A-471C-B119-D62B68F563E6}.Debug|Any CPU.ActiveCfg = Debug|Any CPU
		{E2CAC710-AF4A-471C-B119-D62B68F563E6}.Debug|Any CPU.Build.0 = Debug|Any CPU
		{E2CAC710-AF4A-471C-B119-D62B68F563E6}.Release|Any CPU.ActiveCfg = Release|Any CPU
		{E2CAC710-AF4A-471C-B119-D62B68F563E6}.Release|Any CPU.Build.0 = Release|Any CPU
		{C9E8A513-52B1-49EF-B6AC-1E2E61BB46C0}.Debug|Any CPU.ActiveCfg = Debug|Any CPU
		{C9E8A513-52B1-49EF-B6AC-1E2E61BB46C0}.Debug|Any CPU.Build.0 = Debug|Any CPU
		{C9E8A513-52B1-49EF-B6AC-1E2E61BB46C0}.Release|Any CPU.ActiveCfg = Release|Any CPU
		{C9E8A513-52B1-49EF-B6AC-1E2E61BB46C0}.Release|Any CPU.Build.0 = Release|Any CPU
		{E9F2D396-F96B-4A7D-9632-BF84839BB5D7}.Debug|Any CPU.ActiveCfg = Debug|Any CPU
		{E9F2D396-F96B-4A7D-9632-BF84839BB5D7}.Debug|Any CPU.Build.0 = Debug|Any CPU
		{E9F2D396-F96B-4A7D-9632-BF84839BB5D7}.Release|Any CPU.ActiveCfg = Release|Any CPU
		{E9F2D396-F96B-4A7D-9632-BF84839BB5D7}.Release|Any CPU.Build.0 = Release|Any CPU
		{7D7A9562-CAFB-4124-A632-DAC37D904D77}.Debug|Any CPU.ActiveCfg = Debug|Any CPU
		{7D7A9562-CAFB-4124-A632-DAC37D904D77}.Debug|Any CPU.Build.0 = Debug|Any CPU
		{7D7A9562-CAFB-4124-A632-DAC37D904D77}.Release|Any CPU.ActiveCfg = Release|Any CPU
		{7D7A9562-CAFB-4124-A632-DAC37D904D77}.Release|Any CPU.Build.0 = Release|Any CPU
		{F9A93E42-7C63-4011-A5AA-BFB7E82D3FAE}.Debug|Any CPU.ActiveCfg = Debug|Any CPU
		{F9A93E42-7C63-4011-A5AA-BFB7E82D3FAE}.Debug|Any CPU.Build.0 = Debug|Any CPU
		{F9A93E42-7C63-4011-A5AA-BFB7E82D3FAE}.Release|Any CPU.ActiveCfg = Release|Any CPU
		{F9A93E42-7C63-4011-A5AA-BFB7E82D3FAE}.Release|Any CPU.Build.0 = Release|Any CPU
		{950A67F4-3A75-4E6C-9B43-81E163834E64}.Debug|Any CPU.ActiveCfg = Debug|Any CPU
		{950A67F4-3A75-4E6C-9B43-81E163834E64}.Debug|Any CPU.Build.0 = Debug|Any CPU
		{950A67F4-3A75-4E6C-9B43-81E163834E64}.Release|Any CPU.ActiveCfg = Release|Any CPU
		{950A67F4-3A75-4E6C-9B43-81E163834E64}.Release|Any CPU.Build.0 = Release|Any CPU
	EndGlobalSection
	GlobalSection(SolutionProperties) = preSolution
		HideSolutionNode = FALSE
	EndGlobalSection
	GlobalSection(ExtensibilityGlobals) = postSolution
		SolutionGuid = {F961618B-8C85-46A3-8A51-DD7F4DD082FF}
	EndGlobalSection
EndGlobal
