
Microsoft Visual Studio Solution File, Format Version 12.00
# Visual Studio Version 16
VisualStudioVersion = 16.0.30011.22
MinimumVisualStudioVersion = 10.0.40219.1
Project("{9A19103F-16F7-4668-BE54-9A1E7A4F7556}") = "DefiningClasses", "Define Class Person\DefiningClasses.csproj", "{66E46B0F-907F-4B1B-8F68-38556E737E76}"
EndProject
Project("{9A19103F-16F7-4668-BE54-9A1E7A4F7556}") = "Date", "Date Modifier\Date.csproj", "{F78108F5-FF74-4B31-86EC-C7E0340D02F4}"
EndProject
Project("{9A19103F-16F7-4668-BE54-9A1E7A4F7556}") = "Speed", "Speed Racing\Speed.csproj", "{EB51364C-26A7-404B-9B83-6AE63DC76A3E}"
EndProject
Project("{9A19103F-16F7-4668-BE54-9A1E7A4F7556}") = "Raw", "Raw data\Raw.csproj", "{5D7B6EA4-C688-4F7D-9A20-AF3AABB51980}"
EndProject
Project("{9A19103F-16F7-4668-BE54-9A1E7A4F7556}") = "Car", "Car Salesman\Car.csproj", "{1FA8A25F-46CD-4DC7-A684-9E921BB0D7AB}"
EndProject
Project("{FAE04EC0-301F-11D3-BF4B-00C04F79EFBC}") = "Pokemon", "Pokemon Trainer\Pokemon.csproj", "{3B9DC2F5-5A09-49D3-848B-460022EB6EE6}"
EndProject
Global
	GlobalSection(SolutionConfigurationPlatforms) = preSolution
		Debug|Any CPU = Debug|Any CPU
		Release|Any CPU = Release|Any CPU
	EndGlobalSection
	GlobalSection(ProjectConfigurationPlatforms) = postSolution
		{66E46B0F-907F-4B1B-8F68-38556E737E76}.Debug|Any CPU.ActiveCfg = Debug|Any CPU
		{66E46B0F-907F-4B1B-8F68-38556E737E76}.Debug|Any CPU.Build.0 = Debug|Any CPU
		{66E46B0F-907F-4B1B-8F68-38556E737E76}.Release|Any CPU.ActiveCfg = Release|Any CPU
		{66E46B0F-907F-4B1B-8F68-38556E737E76}.Release|Any CPU.Build.0 = Release|Any CPU
		{F78108F5-FF74-4B31-86EC-C7E0340D02F4}.Debug|Any CPU.ActiveCfg = Debug|Any CPU
		{F78108F5-FF74-4B31-86EC-C7E0340D02F4}.Debug|Any CPU.Build.0 = Debug|Any CPU
		{F78108F5-FF74-4B31-86EC-C7E0340D02F4}.Release|Any CPU.ActiveCfg = Release|Any CPU
		{F78108F5-FF74-4B31-86EC-C7E0340D02F4}.Release|Any CPU.Build.0 = Release|Any CPU
		{EB51364C-26A7-404B-9B83-6AE63DC76A3E}.Debug|Any CPU.ActiveCfg = Debug|Any CPU
		{EB51364C-26A7-404B-9B83-6AE63DC76A3E}.Debug|Any CPU.Build.0 = Debug|Any CPU
		{EB51364C-26A7-404B-9B83-6AE63DC76A3E}.Release|Any CPU.ActiveCfg = Release|Any CPU
		{EB51364C-26A7-404B-9B83-6AE63DC76A3E}.Release|Any CPU.Build.0 = Release|Any CPU
		{5D7B6EA4-C688-4F7D-9A20-AF3AABB51980}.Debug|Any CPU.ActiveCfg = Debug|Any CPU
		{5D7B6EA4-C688-4F7D-9A20-AF3AABB51980}.Debug|Any CPU.Build.0 = Debug|Any CPU
		{5D7B6EA4-C688-4F7D-9A20-AF3AABB51980}.Release|Any CPU.ActiveCfg = Release|Any CPU
		{5D7B6EA4-C688-4F7D-9A20-AF3AABB51980}.Release|Any CPU.Build.0 = Release|Any CPU
		{1FA8A25F-46CD-4DC7-A684-9E921BB0D7AB}.Debug|Any CPU.ActiveCfg = Debug|Any CPU
		{1FA8A25F-46CD-4DC7-A684-9E921BB0D7AB}.Debug|Any CPU.Build.0 = Debug|Any CPU
		{1FA8A25F-46CD-4DC7-A684-9E921BB0D7AB}.Release|Any CPU.ActiveCfg = Release|Any CPU
		{1FA8A25F-46CD-4DC7-A684-9E921BB0D7AB}.Release|Any CPU.Build.0 = Release|Any CPU
		{3B9DC2F5-5A09-49D3-848B-460022EB6EE6}.Debug|Any CPU.ActiveCfg = Debug|Any CPU
		{3B9DC2F5-5A09-49D3-848B-460022EB6EE6}.Debug|Any CPU.Build.0 = Debug|Any CPU
		{3B9DC2F5-5A09-49D3-848B-460022EB6EE6}.Release|Any CPU.ActiveCfg = Release|Any CPU
		{3B9DC2F5-5A09-49D3-848B-460022EB6EE6}.Release|Any CPU.Build.0 = Release|Any CPU
	EndGlobalSection
	GlobalSection(SolutionProperties) = preSolution
		HideSolutionNode = FALSE
	EndGlobalSection
	GlobalSection(ExtensibilityGlobals) = postSolution
		SolutionGuid = {3C3108A5-2145-4C4E-9D7B-A6F6369B7D54}
	EndGlobalSection
EndGlobal
