
Microsoft Visual Studio Solution File, Format Version 12.00
# Visual Studio Version 16
VisualStudioVersion = 16.0.30011.22
MinimumVisualStudioVersion = 10.0.40219.1
Project("{FAE04EC0-301F-11D3-BF4B-00C04F79EFBC}") = "ListyIterator", "ListyIterator\ListyIterator.csproj", "{EF51E6F3-C4A3-45FA-80DD-FB86FFAEF91F}"
EndProject
Global
	GlobalSection(SolutionConfigurationPlatforms) = preSolution
		Debug|Any CPU = Debug|Any CPU
		Release|Any CPU = Release|Any CPU
	EndGlobalSection
	GlobalSection(ProjectConfigurationPlatforms) = postSolution
		{EF51E6F3-C4A3-45FA-80DD-FB86FFAEF91F}.Debug|Any CPU.ActiveCfg = Debug|Any CPU
		{EF51E6F3-C4A3-45FA-80DD-FB86FFAEF91F}.Debug|Any CPU.Build.0 = Debug|Any CPU
		{EF51E6F3-C4A3-45FA-80DD-FB86FFAEF91F}.Release|Any CPU.ActiveCfg = Release|Any CPU
		{EF51E6F3-C4A3-45FA-80DD-FB86FFAEF91F}.Release|Any CPU.Build.0 = Release|Any CPU
	EndGlobalSection
	GlobalSection(SolutionProperties) = preSolution
		HideSolutionNode = FALSE
	EndGlobalSection
	GlobalSection(ExtensibilityGlobals) = postSolution
		SolutionGuid = {03BA0F50-A2F2-4ED5-B250-CF7A651DC377}
	EndGlobalSection
EndGlobal
